
Microsoft Visual Studio Solution File, Format Version 12.00
# Visual Studio Version 16
VisualStudioVersion = 16.0.31410.357
MinimumVisualStudioVersion = 10.0.40219.1
Project("{8BC9CEB8-8B4A-11D0-8D11-00A0C91BC942}") = "legitcheats", "legitcheats\legitcheats.vcxproj", "{01FF25F5-D491-4E60-BD9E-02E7AC3F9284}"
EndProject
Global
	GlobalSection(SolutionConfigurationPlatforms) = preSolution
		Debug|x64 = Debug|x64
		Debug|x86 = Debug|x86
		Release|x64 = Release|x64
		Release|x86 = Release|x86
	EndGlobalSection
	GlobalSection(ProjectConfigurationPlatforms) = postSolution
		{01FF25F5-D491-4E60-BD9E-02E7AC3F9284}.Debug|x64.ActiveCfg = Debug|x64
		{01FF25F5-D491-4E60-BD9E-02E7AC3F9284}.Debug|x64.Build.0 = Debug|x64
		{01FF25F5-D491-4E60-BD9E-02E7AC3F9284}.Debug|x86.ActiveCfg = Debug|Win32
		{01FF25F5-D491-4E60-BD9E-02E7AC3F9284}.Debug|x86.Build.0 = Debug|Win32
		{01FF25F5-D491-4E60-BD9E-02E7AC3F9284}.Release|x64.ActiveCfg = Release|x64
		{01FF25F5-D491-4E60-BD9E-02E7AC3F9284}.Release|x64.Build.0 = Release|x64
		{01FF25F5-D491-4E60-BD9E-02E7AC3F9284}.Release|x86.ActiveCfg = Release|Win32
		{01FF25F5-D491-4E60-BD9E-02E7AC3F9284}.Release|x86.Build.0 = Release|Win32
	EndGlobalSection
	GlobalSection(SolutionProperties) = preSolution
		HideSolutionNode = FALSE
	EndGlobalSection
	GlobalSection(ExtensibilityGlobals) = postSolution
		SolutionGuid = {CD1381C6-643F-4E2A-A360-05B17F567260}
	EndGlobalSection
EndGlobal
